
Microsoft Visual Studio Solution File, Format Version 12.00
# Visual Studio Version 16
VisualStudioVersion = 16.0.29503.13
MinimumVisualStudioVersion = 10.0.40219.1
Project("{FAE04EC0-301F-11D3-BF4B-00C04F79EFBC}") = "BookAndCanvas", "BookAndCanvas\BookAndCanvas.csproj", "{BB08748F-29B4-42FF-A587-91B832B1ABEC}"
EndProject
Global
	GlobalSection(SolutionConfigurationPlatforms) = preSolution
		Debug|Any CPU = Debug|Any CPU
		Release|Any CPU = Release|Any CPU
	EndGlobalSection
	GlobalSection(ProjectConfigurationPlatforms) = postSolution
		{BB08748F-29B4-42FF-A587-91B832B1ABEC}.Debug|Any CPU.ActiveCfg = Debug|Any CPU
		{BB08748F-29B4-42FF-A587-91B832B1ABEC}.Debug|Any CPU.Build.0 = Debug|Any CPU
		{BB08748F-29B4-42FF-A587-91B832B1ABEC}.Release|Any CPU.ActiveCfg = Release|Any CPU
		{BB08748F-29B4-42FF-A587-91B832B1ABEC}.Release|Any CPU.Build.0 = Release|Any CPU
	EndGlobalSection
	GlobalSection(SolutionProperties) = preSolution
		HideSolutionNode = FALSE
	EndGlobalSection
	GlobalSection(ExtensibilityGlobals) = postSolution
		SolutionGuid = {CF69033B-EA33-43CF-8B30-76ABE443254D}
	EndGlobalSection
EndGlobal
